
Microsoft Visual Studio Solution File, Format Version 12.00
# Visual Studio Version 16
VisualStudioVersion = 16.0.30309.148
MinimumVisualStudioVersion = 10.0.40219.1
Project("{FAE04EC0-301F-11D3-BF4B-00C04F79EFBC}") = "StartCaliburnApp", "StartCaliburnApp\StartCaliburnApp.csproj", "{F1D6A26C-DFB2-44FB-9A68-BFE2617D9B70}"
EndProject
Project("{FAE04EC0-301F-11D3-BF4B-00C04F79EFBC}") = "WpfMvvmApp", "..\WpfMvvmApp\WpfMvvmApp.csproj", "{E1DD7CDA-AC1A-44DC-AC77-56A0BB5A1AAE}"
EndProject
Project("{FAE04EC0-301F-11D3-BF4B-00C04F79EFBC}") = "SecondCaliburnApp", "SecondClaiburnApp\SecondCaliburnApp.csproj", "{F8A5DCE5-6D43-48C1-A92B-F44C451B6EA6}"
EndProject
Project("{FAE04EC0-301F-11D3-BF4B-00C04F79EFBC}") = "ThirdCaliburnApp", "ThirdCaliburnApp\ThirdCaliburnApp.csproj", "{A2F93F4A-14F1-4D03-AAE9-C36D8138AB08}"
EndProject
Global
	GlobalSection(SolutionConfigurationPlatforms) = preSolution
		Debug|Any CPU = Debug|Any CPU
		Release|Any CPU = Release|Any CPU
	EndGlobalSection
	GlobalSection(ProjectConfigurationPlatforms) = postSolution
		{F1D6A26C-DFB2-44FB-9A68-BFE2617D9B70}.Debug|Any CPU.ActiveCfg = Debug|Any CPU
		{F1D6A26C-DFB2-44FB-9A68-BFE2617D9B70}.Debug|Any CPU.Build.0 = Debug|Any CPU
		{F1D6A26C-DFB2-44FB-9A68-BFE2617D9B70}.Release|Any CPU.ActiveCfg = Release|Any CPU
		{F1D6A26C-DFB2-44FB-9A68-BFE2617D9B70}.Release|Any CPU.Build.0 = Release|Any CPU
		{E1DD7CDA-AC1A-44DC-AC77-56A0BB5A1AAE}.Debug|Any CPU.ActiveCfg = Debug|Any CPU
		{E1DD7CDA-AC1A-44DC-AC77-56A0BB5A1AAE}.Debug|Any CPU.Build.0 = Debug|Any CPU
		{E1DD7CDA-AC1A-44DC-AC77-56A0BB5A1AAE}.Release|Any CPU.ActiveCfg = Release|Any CPU
		{E1DD7CDA-AC1A-44DC-AC77-56A0BB5A1AAE}.Release|Any CPU.Build.0 = Release|Any CPU
		{F8A5DCE5-6D43-48C1-A92B-F44C451B6EA6}.Debug|Any CPU.ActiveCfg = Debug|Any CPU
		{F8A5DCE5-6D43-48C1-A92B-F44C451B6EA6}.Debug|Any CPU.Build.0 = Debug|Any CPU
		{F8A5DCE5-6D43-48C1-A92B-F44C451B6EA6}.Release|Any CPU.ActiveCfg = Release|Any CPU
		{F8A5DCE5-6D43-48C1-A92B-F44C451B6EA6}.Release|Any CPU.Build.0 = Release|Any CPU
		{A2F93F4A-14F1-4D03-AAE9-C36D8138AB08}.Debug|Any CPU.ActiveCfg = Debug|Any CPU
		{A2F93F4A-14F1-4D03-AAE9-C36D8138AB08}.Debug|Any CPU.Build.0 = Debug|Any CPU
		{A2F93F4A-14F1-4D03-AAE9-C36D8138AB08}.Release|Any CPU.ActiveCfg = Release|Any CPU
		{A2F93F4A-14F1-4D03-AAE9-C36D8138AB08}.Release|Any CPU.Build.0 = Release|Any CPU
	EndGlobalSection
	GlobalSection(SolutionProperties) = preSolution
		HideSolutionNode = FALSE
	EndGlobalSection
	GlobalSection(ExtensibilityGlobals) = postSolution
		SolutionGuid = {4F1D1623-E27F-472F-95B0-C5F93ECD82CF}
	EndGlobalSection
EndGlobal
