
Microsoft Visual Studio Solution File, Format Version 12.00
# Visual Studio Version 16
VisualStudioVersion = 16.0.30225.117
MinimumVisualStudioVersion = 10.0.40219.1
Project("{FAE04EC0-301F-11D3-BF4B-00C04F79EFBC}") = "CsharpTest", "CsharpTest\CsharpTest.csproj", "{B00DDD95-1F83-4B70-8634-BFD6E5648D30}"
EndProject
Project("{FAE04EC0-301F-11D3-BF4B-00C04F79EFBC}") = "IntegerType", "IntegerType\IntegerType.csproj", "{22A7F77C-D5E1-42C0-9AFC-CF038E083DC3}"
EndProject
Project("{FAE04EC0-301F-11D3-BF4B-00C04F79EFBC}") = "BoxingUnboxing", "BoxingUnboxing\BoxingUnboxing.csproj", "{30C5C61B-05B6-45D0-B6E6-58CDD708FDF1}"
EndProject
Project("{FAE04EC0-301F-11D3-BF4B-00C04F79EFBC}") = "IntegerConversion", "IntegerConversion\IntegerConversion.csproj", "{4E34DCA6-EDF6-4A93-B826-1E5FF641A41C}"
EndProject
Project("{2150E333-8FDC-42A3-9474-1A3956D46DE8}") = "Chap03", "Chap03", "{8A8FDA8F-9C64-43E2-B46D-74DABDDE1C1A}"
EndProject
Project("{2150E333-8FDC-42A3-9474-1A3956D46DE8}") = "Chap02", "Chap02", "{878F84DF-E5AB-4AA1-89DC-3124ACC9EBC5}"
EndProject
Project("{9A19103F-16F7-4668-BE54-9A1E7A4F7556}") = "StringNumberConversion", "StringNumberConversion\StringNumberConversion.csproj", "{DF7FA6E2-28CF-4E3C-8B7C-80C7B862BC77}"
EndProject
Project("{FAE04EC0-301F-11D3-BF4B-00C04F79EFBC}") = "EnumApp", "EnumApp\EnumApp.csproj", "{B7C572CC-529A-414A-B86B-6DF14DE0F80A}"
EndProject
Project("{FAE04EC0-301F-11D3-BF4B-00C04F79EFBC}") = "NullableApp", "NullableApp\NullableApp.csproj", "{65A8DF60-92B0-4B5C-B6D4-A78142BEEF9A}"
EndProject
Project("{2150E333-8FDC-42A3-9474-1A3956D46DE8}") = "AppendixA", "AppendixA", "{8D3703E2-F887-48E5-8E1C-588BF68D6FA1}"
EndProject
Project("{FAE04EC0-301F-11D3-BF4B-00C04F79EFBC}") = "StringSerachApp", "StringSerachApp\StringSerachApp.csproj", "{FDA78541-EEE4-439F-8C16-4F078274B472}"
EndProject
Project("{2150E333-8FDC-42A3-9474-1A3956D46DE8}") = "Chap05", "Chap05", "{D0EAB7E5-B8AA-4465-AD04-6840E483FB5B}"
EndProject
Project("{FAE04EC0-301F-11D3-BF4B-00C04F79EFBC}") = "IfElseApp", "IfElseApp\IfElseApp.csproj", "{849E6253-1ADB-49FE-BF76-8F3B617D6935}"
EndProject
Project("{FAE04EC0-301F-11D3-BF4B-00C04F79EFBC}") = "SwitchCaseApp", "SwitchCaseApp\SwitchCaseApp.csproj", "{B8597F54-A032-49C8-8752-65F86DEB3525}"
EndProject
Project("{FAE04EC0-301F-11D3-BF4B-00C04F79EFBC}") = "WhileApp", "WhileApp\WhileApp.csproj", "{A8E7A530-0639-4567-88D2-8F361BBC6ABA}"
EndProject
Project("{FAE04EC0-301F-11D3-BF4B-00C04F79EFBC}") = "SwqpByValue", "SwqpByValue\SwqpByValue.csproj", "{872BA151-ED69-40EE-9D21-2422B7E1DB6B}"
EndProject
Project("{FAE04EC0-301F-11D3-BF4B-00C04F79EFBC}") = "RefReturn", "RefReturn\RefReturn.csproj", "{F473BE2A-8CDA-42AC-B3C8-4BE8072FE456}"
EndProject
Project("{FAE04EC0-301F-11D3-BF4B-00C04F79EFBC}") = "UsingOut", "UsingOut\UsingOut.csproj", "{6770822A-BE39-4AAA-964B-655035F49DDA}"
EndProject
Project("{FAE04EC0-301F-11D3-BF4B-00C04F79EFBC}") = "Overloading", "Overloading\Overloading.csproj", "{F1F953B6-4050-4A60-9E8A-40A13EE9068E}"
EndProject
Project("{2150E333-8FDC-42A3-9474-1A3956D46DE8}") = "Chap06", "Chap06", "{C16020D7-E7C8-4846-A94B-778524AD7EBA}"
EndProject
Project("{FAE04EC0-301F-11D3-BF4B-00C04F79EFBC}") = "LocalFunction", "LocalFunction\LocalFunction.csproj", "{CAB63FED-1A3C-43B3-B1C0-5BDE3A587C93}"
EndProject
Project("{FAE04EC0-301F-11D3-BF4B-00C04F79EFBC}") = "Ex6_1", "Ex6_1\Ex6_1.csproj", "{8F644D27-E080-4F99-B16A-210242A9CDCA}"
EndProject
Project("{FAE04EC0-301F-11D3-BF4B-00C04F79EFBC}") = "Ex6_2", "Ex6_2\Ex6_2.csproj", "{2A3D1517-E6CC-4BA9-82B2-3961B492D710}"
EndProject
Project("{FAE04EC0-301F-11D3-BF4B-00C04F79EFBC}") = "Ex6_3", "Ex6_3\Ex6_3.csproj", "{E777A82A-0C41-4677-83A1-68B1FE9EE682}"
EndProject
Global
	GlobalSection(SolutionConfigurationPlatforms) = preSolution
		Debug|Any CPU = Debug|Any CPU
		Release|Any CPU = Release|Any CPU
	EndGlobalSection
	GlobalSection(ProjectConfigurationPlatforms) = postSolution
		{B00DDD95-1F83-4B70-8634-BFD6E5648D30}.Debug|Any CPU.ActiveCfg = Debug|Any CPU
		{B00DDD95-1F83-4B70-8634-BFD6E5648D30}.Debug|Any CPU.Build.0 = Debug|Any CPU
		{B00DDD95-1F83-4B70-8634-BFD6E5648D30}.Release|Any CPU.ActiveCfg = Release|Any CPU
		{B00DDD95-1F83-4B70-8634-BFD6E5648D30}.Release|Any CPU.Build.0 = Release|Any CPU
		{22A7F77C-D5E1-42C0-9AFC-CF038E083DC3}.Debug|Any CPU.ActiveCfg = Debug|Any CPU
		{22A7F77C-D5E1-42C0-9AFC-CF038E083DC3}.Debug|Any CPU.Build.0 = Debug|Any CPU
		{22A7F77C-D5E1-42C0-9AFC-CF038E083DC3}.Release|Any CPU.ActiveCfg = Release|Any CPU
		{22A7F77C-D5E1-42C0-9AFC-CF038E083DC3}.Release|Any CPU.Build.0 = Release|Any CPU
		{30C5C61B-05B6-45D0-B6E6-58CDD708FDF1}.Debug|Any CPU.ActiveCfg = Debug|Any CPU
		{30C5C61B-05B6-45D0-B6E6-58CDD708FDF1}.Debug|Any CPU.Build.0 = Debug|Any CPU
		{30C5C61B-05B6-45D0-B6E6-58CDD708FDF1}.Release|Any CPU.ActiveCfg = Release|Any CPU
		{30C5C61B-05B6-45D0-B6E6-58CDD708FDF1}.Release|Any CPU.Build.0 = Release|Any CPU
		{4E34DCA6-EDF6-4A93-B826-1E5FF641A41C}.Debug|Any CPU.ActiveCfg = Debug|Any CPU
		{4E34DCA6-EDF6-4A93-B826-1E5FF641A41C}.Debug|Any CPU.Build.0 = Debug|Any CPU
		{4E34DCA6-EDF6-4A93-B826-1E5FF641A41C}.Release|Any CPU.ActiveCfg = Release|Any CPU
		{4E34DCA6-EDF6-4A93-B826-1E5FF641A41C}.Release|Any CPU.Build.0 = Release|Any CPU
		{DF7FA6E2-28CF-4E3C-8B7C-80C7B862BC77}.Debug|Any CPU.ActiveCfg = Debug|Any CPU
		{DF7FA6E2-28CF-4E3C-8B7C-80C7B862BC77}.Debug|Any CPU.Build.0 = Debug|Any CPU
		{DF7FA6E2-28CF-4E3C-8B7C-80C7B862BC77}.Release|Any CPU.ActiveCfg = Release|Any CPU
		{DF7FA6E2-28CF-4E3C-8B7C-80C7B862BC77}.Release|Any CPU.Build.0 = Release|Any CPU
		{B7C572CC-529A-414A-B86B-6DF14DE0F80A}.Debug|Any CPU.ActiveCfg = Debug|Any CPU
		{B7C572CC-529A-414A-B86B-6DF14DE0F80A}.Debug|Any CPU.Build.0 = Debug|Any CPU
		{B7C572CC-529A-414A-B86B-6DF14DE0F80A}.Release|Any CPU.ActiveCfg = Release|Any CPU
		{B7C572CC-529A-414A-B86B-6DF14DE0F80A}.Release|Any CPU.Build.0 = Release|Any CPU
		{65A8DF60-92B0-4B5C-B6D4-A78142BEEF9A}.Debug|Any CPU.ActiveCfg = Debug|Any CPU
		{65A8DF60-92B0-4B5C-B6D4-A78142BEEF9A}.Debug|Any CPU.Build.0 = Debug|Any CPU
		{65A8DF60-92B0-4B5C-B6D4-A78142BEEF9A}.Release|Any CPU.ActiveCfg = Release|Any CPU
		{65A8DF60-92B0-4B5C-B6D4-A78142BEEF9A}.Release|Any CPU.Build.0 = Release|Any CPU
		{FDA78541-EEE4-439F-8C16-4F078274B472}.Debug|Any CPU.ActiveCfg = Debug|Any CPU
		{FDA78541-EEE4-439F-8C16-4F078274B472}.Debug|Any CPU.Build.0 = Debug|Any CPU
		{FDA78541-EEE4-439F-8C16-4F078274B472}.Release|Any CPU.ActiveCfg = Release|Any CPU
		{FDA78541-EEE4-439F-8C16-4F078274B472}.Release|Any CPU.Build.0 = Release|Any CPU
		{849E6253-1ADB-49FE-BF76-8F3B617D6935}.Debug|Any CPU.ActiveCfg = Debug|Any CPU
		{849E6253-1ADB-49FE-BF76-8F3B617D6935}.Debug|Any CPU.Build.0 = Debug|Any CPU
		{849E6253-1ADB-49FE-BF76-8F3B617D6935}.Release|Any CPU.ActiveCfg = Release|Any CPU
		{849E6253-1ADB-49FE-BF76-8F3B617D6935}.Release|Any CPU.Build.0 = Release|Any CPU
		{B8597F54-A032-49C8-8752-65F86DEB3525}.Debug|Any CPU.ActiveCfg = Debug|Any CPU
		{B8597F54-A032-49C8-8752-65F86DEB3525}.Debug|Any CPU.Build.0 = Debug|Any CPU
		{B8597F54-A032-49C8-8752-65F86DEB3525}.Release|Any CPU.ActiveCfg = Release|Any CPU
		{B8597F54-A032-49C8-8752-65F86DEB3525}.Release|Any CPU.Build.0 = Release|Any CPU
		{A8E7A530-0639-4567-88D2-8F361BBC6ABA}.Debug|Any CPU.ActiveCfg = Debug|Any CPU
		{A8E7A530-0639-4567-88D2-8F361BBC6ABA}.Debug|Any CPU.Build.0 = Debug|Any CPU
		{A8E7A530-0639-4567-88D2-8F361BBC6ABA}.Release|Any CPU.ActiveCfg = Release|Any CPU
		{A8E7A530-0639-4567-88D2-8F361BBC6ABA}.Release|Any CPU.Build.0 = Release|Any CPU
		{872BA151-ED69-40EE-9D21-2422B7E1DB6B}.Debug|Any CPU.ActiveCfg = Debug|Any CPU
		{872BA151-ED69-40EE-9D21-2422B7E1DB6B}.Debug|Any CPU.Build.0 = Debug|Any CPU
		{872BA151-ED69-40EE-9D21-2422B7E1DB6B}.Release|Any CPU.ActiveCfg = Release|Any CPU
		{872BA151-ED69-40EE-9D21-2422B7E1DB6B}.Release|Any CPU.Build.0 = Release|Any CPU
		{F473BE2A-8CDA-42AC-B3C8-4BE8072FE456}.Debug|Any CPU.ActiveCfg = Debug|Any CPU
		{F473BE2A-8CDA-42AC-B3C8-4BE8072FE456}.Debug|Any CPU.Build.0 = Debug|Any CPU
		{F473BE2A-8CDA-42AC-B3C8-4BE8072FE456}.Release|Any CPU.ActiveCfg = Release|Any CPU
		{F473BE2A-8CDA-42AC-B3C8-4BE8072FE456}.Release|Any CPU.Build.0 = Release|Any CPU
		{6770822A-BE39-4AAA-964B-655035F49DDA}.Debug|Any CPU.ActiveCfg = Debug|Any CPU
		{6770822A-BE39-4AAA-964B-655035F49DDA}.Debug|Any CPU.Build.0 = Debug|Any CPU
		{6770822A-BE39-4AAA-964B-655035F49DDA}.Release|Any CPU.ActiveCfg = Release|Any CPU
		{6770822A-BE39-4AAA-964B-655035F49DDA}.Release|Any CPU.Build.0 = Release|Any CPU
		{F1F953B6-4050-4A60-9E8A-40A13EE9068E}.Debug|Any CPU.ActiveCfg = Debug|Any CPU
		{F1F953B6-4050-4A60-9E8A-40A13EE9068E}.Debug|Any CPU.Build.0 = Debug|Any CPU
		{F1F953B6-4050-4A60-9E8A-40A13EE9068E}.Release|Any CPU.ActiveCfg = Release|Any CPU
		{F1F953B6-4050-4A60-9E8A-40A13EE9068E}.Release|Any CPU.Build.0 = Release|Any CPU
		{CAB63FED-1A3C-43B3-B1C0-5BDE3A587C93}.Debug|Any CPU.ActiveCfg = Debug|Any CPU
		{CAB63FED-1A3C-43B3-B1C0-5BDE3A587C93}.Debug|Any CPU.Build.0 = Debug|Any CPU
		{CAB63FED-1A3C-43B3-B1C0-5BDE3A587C93}.Release|Any CPU.ActiveCfg = Release|Any CPU
		{CAB63FED-1A3C-43B3-B1C0-5BDE3A587C93}.Release|Any CPU.Build.0 = Release|Any CPU
		{8F644D27-E080-4F99-B16A-210242A9CDCA}.Debug|Any CPU.ActiveCfg = Debug|Any CPU
		{8F644D27-E080-4F99-B16A-210242A9CDCA}.Debug|Any CPU.Build.0 = Debug|Any CPU
		{8F644D27-E080-4F99-B16A-210242A9CDCA}.Release|Any CPU.ActiveCfg = Release|Any CPU
		{8F644D27-E080-4F99-B16A-210242A9CDCA}.Release|Any CPU.Build.0 = Release|Any CPU
		{2A3D1517-E6CC-4BA9-82B2-3961B492D710}.Debug|Any CPU.ActiveCfg = Debug|Any CPU
		{2A3D1517-E6CC-4BA9-82B2-3961B492D710}.Debug|Any CPU.Build.0 = Debug|Any CPU
		{2A3D1517-E6CC-4BA9-82B2-3961B492D710}.Release|Any CPU.ActiveCfg = Release|Any CPU
		{2A3D1517-E6CC-4BA9-82B2-3961B492D710}.Release|Any CPU.Build.0 = Release|Any CPU
		{E777A82A-0C41-4677-83A1-68B1FE9EE682}.Debug|Any CPU.ActiveCfg = Debug|Any CPU
		{E777A82A-0C41-4677-83A1-68B1FE9EE682}.Debug|Any CPU.Build.0 = Debug|Any CPU
		{E777A82A-0C41-4677-83A1-68B1FE9EE682}.Release|Any CPU.ActiveCfg = Release|Any CPU
		{E777A82A-0C41-4677-83A1-68B1FE9EE682}.Release|Any CPU.Build.0 = Release|Any CPU
	EndGlobalSection
	GlobalSection(SolutionProperties) = preSolution
		HideSolutionNode = FALSE
	EndGlobalSection
	GlobalSection(NestedProjects) = preSolution
		{B00DDD95-1F83-4B70-8634-BFD6E5648D30} = {878F84DF-E5AB-4AA1-89DC-3124ACC9EBC5}
		{22A7F77C-D5E1-42C0-9AFC-CF038E083DC3} = {8A8FDA8F-9C64-43E2-B46D-74DABDDE1C1A}
		{30C5C61B-05B6-45D0-B6E6-58CDD708FDF1} = {8A8FDA8F-9C64-43E2-B46D-74DABDDE1C1A}
		{4E34DCA6-EDF6-4A93-B826-1E5FF641A41C} = {8A8FDA8F-9C64-43E2-B46D-74DABDDE1C1A}
		{DF7FA6E2-28CF-4E3C-8B7C-80C7B862BC77} = {8A8FDA8F-9C64-43E2-B46D-74DABDDE1C1A}
		{B7C572CC-529A-414A-B86B-6DF14DE0F80A} = {8A8FDA8F-9C64-43E2-B46D-74DABDDE1C1A}
		{65A8DF60-92B0-4B5C-B6D4-A78142BEEF9A} = {8A8FDA8F-9C64-43E2-B46D-74DABDDE1C1A}
		{FDA78541-EEE4-439F-8C16-4F078274B472} = {8D3703E2-F887-48E5-8E1C-588BF68D6FA1}
		{849E6253-1ADB-49FE-BF76-8F3B617D6935} = {D0EAB7E5-B8AA-4465-AD04-6840E483FB5B}
		{B8597F54-A032-49C8-8752-65F86DEB3525} = {D0EAB7E5-B8AA-4465-AD04-6840E483FB5B}
		{A8E7A530-0639-4567-88D2-8F361BBC6ABA} = {D0EAB7E5-B8AA-4465-AD04-6840E483FB5B}
		{872BA151-ED69-40EE-9D21-2422B7E1DB6B} = {D0EAB7E5-B8AA-4465-AD04-6840E483FB5B}
		{F473BE2A-8CDA-42AC-B3C8-4BE8072FE456} = {C16020D7-E7C8-4846-A94B-778524AD7EBA}
		{6770822A-BE39-4AAA-964B-655035F49DDA} = {C16020D7-E7C8-4846-A94B-778524AD7EBA}
		{F1F953B6-4050-4A60-9E8A-40A13EE9068E} = {C16020D7-E7C8-4846-A94B-778524AD7EBA}
		{CAB63FED-1A3C-43B3-B1C0-5BDE3A587C93} = {C16020D7-E7C8-4846-A94B-778524AD7EBA}
		{8F644D27-E080-4F99-B16A-210242A9CDCA} = {C16020D7-E7C8-4846-A94B-778524AD7EBA}
		{2A3D1517-E6CC-4BA9-82B2-3961B492D710} = {C16020D7-E7C8-4846-A94B-778524AD7EBA}
		{E777A82A-0C41-4677-83A1-68B1FE9EE682} = {C16020D7-E7C8-4846-A94B-778524AD7EBA}
	EndGlobalSection
	GlobalSection(ExtensibilityGlobals) = postSolution
		SolutionGuid = {35AF7F9A-57D9-45E4-BE5A-8835D211C7CC}
	EndGlobalSection
EndGlobal
