
Microsoft Visual Studio Solution File, Format Version 12.00
# Visual Studio Version 16
VisualStudioVersion = 16.0.30225.117
MinimumVisualStudioVersion = 10.0.40219.1
Project("{FAE04EC0-301F-11D3-BF4B-00C04F79EFBC}") = "CsharpTest", "CsharpTest\CsharpTest.csproj", "{B00DDD95-1F83-4B70-8634-BFD6E5648D30}"
EndProject
Project("{FAE04EC0-301F-11D3-BF4B-00C04F79EFBC}") = "IntegerType", "IntegerType\IntegerType.csproj", "{22A7F77C-D5E1-42C0-9AFC-CF038E083DC3}"
EndProject
Project("{FAE04EC0-301F-11D3-BF4B-00C04F79EFBC}") = "BoxingUnboxing", "BoxingUnboxing\BoxingUnboxing.csproj", "{30C5C61B-05B6-45D0-B6E6-58CDD708FDF1}"
EndProject
Project("{FAE04EC0-301F-11D3-BF4B-00C04F79EFBC}") = "IntegerConversion", "IntegerConversion\IntegerConversion.csproj", "{4E34DCA6-EDF6-4A93-B826-1E5FF641A41C}"
EndProject
Project("{2150E333-8FDC-42A3-9474-1A3956D46DE8}") = "Chap03", "Chap03", "{8A8FDA8F-9C64-43E2-B46D-74DABDDE1C1A}"
EndProject
Project("{2150E333-8FDC-42A3-9474-1A3956D46DE8}") = "Chap02", "Chap02", "{878F84DF-E5AB-4AA1-89DC-3124ACC9EBC5}"
EndProject
Project("{9A19103F-16F7-4668-BE54-9A1E7A4F7556}") = "StringNumberConversion", "StringNumberConversion\StringNumberConversion.csproj", "{DF7FA6E2-28CF-4E3C-8B7C-80C7B862BC77}"
EndProject
Project("{FAE04EC0-301F-11D3-BF4B-00C04F79EFBC}") = "EnumApp", "EnumApp\EnumApp.csproj", "{B7C572CC-529A-414A-B86B-6DF14DE0F80A}"
EndProject
Project("{FAE04EC0-301F-11D3-BF4B-00C04F79EFBC}") = "NullableApp", "NullableApp\NullableApp.csproj", "{65A8DF60-92B0-4B5C-B6D4-A78142BEEF9A}"
EndProject
Project("{2150E333-8FDC-42A3-9474-1A3956D46DE8}") = "AppendixA", "AppendixA", "{8D3703E2-F887-48E5-8E1C-588BF68D6FA1}"
EndProject
Project("{FAE04EC0-301F-11D3-BF4B-00C04F79EFBC}") = "StringSerachApp", "StringSerachApp\StringSerachApp.csproj", "{FDA78541-EEE4-439F-8C16-4F078274B472}"
EndProject
Project("{2150E333-8FDC-42A3-9474-1A3956D46DE8}") = "Chap05", "Chap05", "{D0EAB7E5-B8AA-4465-AD04-6840E483FB5B}"
EndProject
Project("{FAE04EC0-301F-11D3-BF4B-00C04F79EFBC}") = "IfElseApp", "IfElseApp\IfElseApp.csproj", "{849E6253-1ADB-49FE-BF76-8F3B617D6935}"
EndProject
Project("{FAE04EC0-301F-11D3-BF4B-00C04F79EFBC}") = "SwitchCaseApp", "SwitchCaseApp\SwitchCaseApp.csproj", "{B8597F54-A032-49C8-8752-65F86DEB3525}"
EndProject
Project("{FAE04EC0-301F-11D3-BF4B-00C04F79EFBC}") = "WhileApp", "WhileApp\WhileApp.csproj", "{A8E7A530-0639-4567-88D2-8F361BBC6ABA}"
EndProject
Project("{FAE04EC0-301F-11D3-BF4B-00C04F79EFBC}") = "SwqpByValue", "SwqpByValue\SwqpByValue.csproj", "{872BA151-ED69-40EE-9D21-2422B7E1DB6B}"
EndProject
Project("{FAE04EC0-301F-11D3-BF4B-00C04F79EFBC}") = "RefReturn", "RefReturn\RefReturn.csproj", "{F473BE2A-8CDA-42AC-B3C8-4BE8072FE456}"
EndProject
Project("{FAE04EC0-301F-11D3-BF4B-00C04F79EFBC}") = "UsingOut", "UsingOut\UsingOut.csproj", "{6770822A-BE39-4AAA-964B-655035F49DDA}"
EndProject
Project("{FAE04EC0-301F-11D3-BF4B-00C04F79EFBC}") = "Overloading", "Overloading\Overloading.csproj", "{F1F953B6-4050-4A60-9E8A-40A13EE9068E}"
EndProject
Project("{2150E333-8FDC-42A3-9474-1A3956D46DE8}") = "Chap06", "Chap06", "{C16020D7-E7C8-4846-A94B-778524AD7EBA}"
EndProject
Project("{FAE04EC0-301F-11D3-BF4B-00C04F79EFBC}") = "LocalFunction", "LocalFunction\LocalFunction.csproj", "{CAB63FED-1A3C-43B3-B1C0-5BDE3A587C93}"
EndProject
Project("{FAE04EC0-301F-11D3-BF4B-00C04F79EFBC}") = "Ex6_1", "Ex6_1\Ex6_1.csproj", "{8F644D27-E080-4F99-B16A-210242A9CDCA}"
EndProject
Project("{FAE04EC0-301F-11D3-BF4B-00C04F79EFBC}") = "Ex6_2", "Ex6_2\Ex6_2.csproj", "{2A3D1517-E6CC-4BA9-82B2-3961B492D710}"
EndProject
Project("{FAE04EC0-301F-11D3-BF4B-00C04F79EFBC}") = "Ex6_3", "Ex6_3\Ex6_3.csproj", "{E777A82A-0C41-4677-83A1-68B1FE9EE682}"
EndProject
Project("{2150E333-8FDC-42A3-9474-1A3956D46DE8}") = "Chap07", "Chap07", "{7A50F465-C48C-4E2F-AAA3-21E3C971116C}"
EndProject
Project("{FAE04EC0-301F-11D3-BF4B-00C04F79EFBC}") = "BasicClass", "BasicClass\BasicClass.csproj", "{A4FD8C8C-E284-45C1-A7FE-F97636F78BDA}"
EndProject
Project("{FAE04EC0-301F-11D3-BF4B-00C04F79EFBC}") = "StaticField", "StaticField\StaticField.csproj", "{B07E2562-FDF4-48A9-BA90-67C9FD30FEFD}"
EndProject
Project("{FAE04EC0-301F-11D3-BF4B-00C04F79EFBC}") = "DeepCopy", "DeepCopy\DeepCopy.csproj", "{0575B09B-5944-412F-A5F4-B3A260037350}"
EndProject
Project("{FAE04EC0-301F-11D3-BF4B-00C04F79EFBC}") = "AccessModifier", "AccessModifier\AccessModifier.csproj", "{F766BC0F-752C-4F77-A08E-6C03ABD58536}"
EndProject
Project("{FAE04EC0-301F-11D3-BF4B-00C04F79EFBC}") = "Inheritance", "Inheritance\Inheritance.csproj", "{38B6C83C-DDCB-4ED2-A703-831853592439}"
EndProject
Project("{FAE04EC0-301F-11D3-BF4B-00C04F79EFBC}") = "ClassTypeCasting", "ClassTypeCasting\ClassTypeCasting.csproj", "{0F8280CA-5544-4C10-96C5-DCCD52F11A95}"
EndProject
Project("{FAE04EC0-301F-11D3-BF4B-00C04F79EFBC}") = "Overriding", "Overriding\Overriding.csproj", "{146DAA08-D100-446F-A137-829BD7C8EA22}"
EndProject
Project("{FAE04EC0-301F-11D3-BF4B-00C04F79EFBC}") = "NestedClass", "NestedClass\NestedClass.csproj", "{182DCC36-1626-48B5-957C-8E590DC4E801}"
EndProject
Project("{FAE04EC0-301F-11D3-BF4B-00C04F79EFBC}") = "ExtensionMethod", "ExtensionMethod\ExtensionMethod.csproj", "{0AD89F74-F94B-48B2-84F7-A5EA0F619A51}"
EndProject
Project("{FAE04EC0-301F-11D3-BF4B-00C04F79EFBC}") = "Structure", "Structure\Structure.csproj", "{CE43BA26-C6C9-43BD-B448-5CF931379019}"
EndProject
Project("{FAE04EC0-301F-11D3-BF4B-00C04F79EFBC}") = "Tuple", "Tuple\Tuple.csproj", "{AFBE1687-872B-4585-A105-73846361D1C2}"
EndProject
Project("{FAE04EC0-301F-11D3-BF4B-00C04F79EFBC}") = "Ex7_2", "Ex7_2\Ex7_2.csproj", "{082EFE98-1F6C-4B4D-B180-869ADB5F7402}"
EndProject
Project("{2150E333-8FDC-42A3-9474-1A3956D46DE8}") = "Chap08", "Chap08", "{1E2CA6F9-ECE9-40F8-98EF-88D89AEF1CF4}"
EndProject
Project("{FAE04EC0-301F-11D3-BF4B-00C04F79EFBC}") = "Interface", "Interface\Interface.csproj", "{755CD0AC-57CE-4FD6-8AFC-8376826B1B00}"
EndProject
Project("{FAE04EC0-301F-11D3-BF4B-00C04F79EFBC}") = "Property", "Property\Property.csproj", "{F0769946-1A4A-4232-8958-6988FB6DF5FD}"
EndProject
Project("{2150E333-8FDC-42A3-9474-1A3956D46DE8}") = "Chap09", "Chap09", "{93390F3D-9D9D-44A9-B387-D64DE899824C}"
EndProject
Project("{FAE04EC0-301F-11D3-BF4B-00C04F79EFBC}") = "PropertyInterface", "PropertyInterface\PropertyInterface.csproj", "{47657085-C440-4BBE-B220-E84C1D3ED5A0}"
EndProject
Project("{2150E333-8FDC-42A3-9474-1A3956D46DE8}") = "Chap10", "Chap10", "{65B50E85-9343-4582-871C-CFDBD83FD54A}"
EndProject
Project("{FAE04EC0-301F-11D3-BF4B-00C04F79EFBC}") = "UsingArrayList", "UsingArrayList\UsingArrayList.csproj", "{D2FBFFD2-293D-42FC-AF2A-7158E5BB42D2}"
EndProject
Project("{FAE04EC0-301F-11D3-BF4B-00C04F79EFBC}") = "UsingHashTable", "UsingHashTable\UsingHashTable.csproj", "{3C1B77AF-4B10-41E2-B619-7B70A233A983}"
EndProject
Project("{FAE04EC0-301F-11D3-BF4B-00C04F79EFBC}") = "UsingIndexer", "UsingIndexer\UsingIndexer.csproj", "{B3205A96-038D-4ED1-A1DB-721E3C46D2E2}"
EndProject
Project("{FAE04EC0-301F-11D3-BF4B-00C04F79EFBC}") = "UsingYield", "UsingYield\UsingYield.csproj", "{81EE6890-4CD0-4540-B91D-0D2CCA589B60}"
EndProject
Project("{FAE04EC0-301F-11D3-BF4B-00C04F79EFBC}") = "UsingEnumerable", "UsingEnumerable\UsingEnumerable.csproj", "{41EDC703-92A7-44A8-B1F6-84B3685DD637}"
EndProject
Project("{2150E333-8FDC-42A3-9474-1A3956D46DE8}") = "Chap11", "Chap11", "{3AE27083-CF4F-43AF-9253-0BB0F8262DF1}"
EndProject
Project("{FAE04EC0-301F-11D3-BF4B-00C04F79EFBC}") = "CopyingArray", "CopyingArray\CopyingArray.csproj", "{683BCE8A-C79B-4C46-AFBC-7A584AD6B2BA}"
EndProject
Project("{FAE04EC0-301F-11D3-BF4B-00C04F79EFBC}") = "UsingGenericClass", "UsingGenericClass\UsingGenericClass.csproj", "{FED85354-8D7D-40EF-A136-E91539633917}"
EndProject
Project("{FAE04EC0-301F-11D3-BF4B-00C04F79EFBC}") = "ConstraintsOnTypeParameters", "ConstraintsOnTypeParameters\ConstraintsOnTypeParameters.csproj", "{FE81CF2A-EC25-4BBB-9C1C-4F255497EC2F}"
EndProject
Project("{FAE04EC0-301F-11D3-BF4B-00C04F79EFBC}") = "UsingGenericList", "UsingGenericList\UsingGenericList.csproj", "{A5F14CC1-5A42-4399-AE2C-DFD9BEA61142}"
EndProject
Project("{FAE04EC0-301F-11D3-BF4B-00C04F79EFBC}") = "UsingEnumerableGeneric", "UsingEnumerableGeneric\UsingEnumerableGeneric.csproj", "{496BA84B-C777-43C9-8DB7-D254D737B771}"
EndProject
Project("{2150E333-8FDC-42A3-9474-1A3956D46DE8}") = "Chap12", "Chap12", "{FBBF33FE-01E1-4761-AB22-E8C69AF95607}"
EndProject
Project("{FAE04EC0-301F-11D3-BF4B-00C04F79EFBC}") = "KillingProgram", "KillingProgram\KillingProgram.csproj", "{BF125B3C-B930-4057-B20F-AC685D775A46}"
EndProject
Project("{FAE04EC0-301F-11D3-BF4B-00C04F79EFBC}") = "UsingThrow", "UsingThrow\UsingThrow.csproj", "{8B5D623A-5B04-45C2-8F79-443ACF031540}"
EndProject
Project("{FAE04EC0-301F-11D3-BF4B-00C04F79EFBC}") = "CustomException", "CustomException\CustomException.csproj", "{E67EB4A4-B0A5-4FAF-A7DA-848B25EFE6DC}"
EndProject
Project("{2150E333-8FDC-42A3-9474-1A3956D46DE8}") = "Chap13", "Chap13", "{71FE200B-752A-411C-B378-ECF86E5DC8C9}"
EndProject
Project("{FAE04EC0-301F-11D3-BF4B-00C04F79EFBC}") = "UsingDelegate", "UsingDelegate\UsingDelegate.csproj", "{5B696277-946B-4539-9B9F-DBD2C7873370}"
EndProject
Project("{FAE04EC0-301F-11D3-BF4B-00C04F79EFBC}") = "UsingCallback", "UsingCallback\UsingCallback.csproj", "{925BB530-AEAE-483C-B9C0-FF85A77C3AF5}"
EndProject
Project("{FAE04EC0-301F-11D3-BF4B-00C04F79EFBC}") = "DelegateChain", "DelegateChain\DelegateChain.csproj", "{1DB9898D-86EA-41D3-BA67-9ABECEA053A1}"
EndProject
Project("{FAE04EC0-301F-11D3-BF4B-00C04F79EFBC}") = "UsingAnonymousMethod", "UsingAnonymousMethod\UsingAnonymousMethod.csproj", "{8DB7DB70-656D-401B-81E6-3AA65CC55F48}"
EndProject
Project("{FAE04EC0-301F-11D3-BF4B-00C04F79EFBC}") = "EventTest", "EventTest\EventTest.csproj", "{EF67380E-9FE3-4B4F-883B-892A401F1224}"
EndProject
Project("{9A19103F-16F7-4668-BE54-9A1E7A4F7556}") = "WindowsFormsApp1", "WindowsFormsApp1\WindowsFormsApp1.csproj", "{C5C8D784-A613-4559-B6C3-BECD69BAE346}"
EndProject
Project("{9A19103F-16F7-4668-BE54-9A1E7A4F7556}") = "WindowsFormsApp2", "WindowsFormsApp2\WindowsFormsApp2.csproj", "{EAE76B3D-9732-4581-AB6B-02E8AA8205EE}"
EndProject
Project("{2150E333-8FDC-42A3-9474-1A3956D46DE8}") = "Chap14", "Chap14", "{D10A89D5-4063-48D0-A625-4EFBA83FBA38}"
EndProject
Project("{FAE04EC0-301F-11D3-BF4B-00C04F79EFBC}") = "SimpleLambda", "SimpleLambda\SimpleLambda.csproj", "{BD1B21E1-BD59-4B02-897F-D4E8957B7371}"
EndProject
Project("{FAE04EC0-301F-11D3-BF4B-00C04F79EFBC}") = "UsingFunc", "UsingFunc\UsingFunc.csproj", "{74BBE310-15FD-4B4B-8AE6-62AC2ECF52F7}"
EndProject
Project("{FAE04EC0-301F-11D3-BF4B-00C04F79EFBC}") = "LambdaExMember", "LambdaExMember\LambdaExMember.csproj", "{3EE42DD3-0D05-4B08-AD6B-32531101DC55}"
EndProject
Project("{2150E333-8FDC-42A3-9474-1A3956D46DE8}") = "Chap15", "Chap15", "{E80F2243-68AE-489E-B44F-9DB93E6AE543}"
EndProject
Project("{FAE04EC0-301F-11D3-BF4B-00C04F79EFBC}") = "UsingFrom", "UsignFrom\UsingFrom.csproj", "{D2431048-9B66-4179-BF99-DA0EC1783CA2}"
EndProject
Project("{2150E333-8FDC-42A3-9474-1A3956D46DE8}") = "Chap19", "Chap19", "{F593CCDB-33D7-44C0-95CB-3E2BC92022F6}"
EndProject
Project("{FAE04EC0-301F-11D3-BF4B-00C04F79EFBC}") = "UsingBasicThread", "UsingBasicThread\UsingBasicThread.csproj", "{408CC2AF-E8A9-4490-9AA4-8C3462B8A0B9}"
EndProject
Project("{9A19103F-16F7-4668-BE54-9A1E7A4F7556}") = "WinThreadExam", "WinThreadExam\WinThreadExam.csproj", "{9375A6C8-367B-449D-9420-22874FB26BDA}"
EndProject
Project("{FAE04EC0-301F-11D3-BF4B-00C04F79EFBC}") = "AbortThread", "AbortThread\AbortThread.csproj", "{C0391A54-B179-4B76-8E61-E196B8886554}"
EndProject
Project("{FAE04EC0-301F-11D3-BF4B-00C04F79EFBC}") = "InterruptThread", "InterruptThread\InterruptThread.csproj", "{4AB6C177-5742-4DA0-A66A-322B9D292C35}"
EndProject
Project("{FAE04EC0-301F-11D3-BF4B-00C04F79EFBC}") = "UsingLock", "UsingLock\UsingLock.csproj", "{DBF4E4E3-2A48-4114-B8C6-A7EF58466CD7}"
EndProject
Project("{FAE04EC0-301F-11D3-BF4B-00C04F79EFBC}") = "BookRentalShopApp20", "BookRentalShopApp20\BookRentalShopApp20.csproj", "{33868AFA-585D-45C6-9FE3-FA7B22AF7312}"
EndProject
Global
	GlobalSection(SolutionConfigurationPlatforms) = preSolution
		Debug|Any CPU = Debug|Any CPU
		Release|Any CPU = Release|Any CPU
	EndGlobalSection
	GlobalSection(ProjectConfigurationPlatforms) = postSolution
		{B00DDD95-1F83-4B70-8634-BFD6E5648D30}.Debug|Any CPU.ActiveCfg = Debug|Any CPU
		{B00DDD95-1F83-4B70-8634-BFD6E5648D30}.Debug|Any CPU.Build.0 = Debug|Any CPU
		{B00DDD95-1F83-4B70-8634-BFD6E5648D30}.Release|Any CPU.ActiveCfg = Release|Any CPU
		{B00DDD95-1F83-4B70-8634-BFD6E5648D30}.Release|Any CPU.Build.0 = Release|Any CPU
		{22A7F77C-D5E1-42C0-9AFC-CF038E083DC3}.Debug|Any CPU.ActiveCfg = Debug|Any CPU
		{22A7F77C-D5E1-42C0-9AFC-CF038E083DC3}.Debug|Any CPU.Build.0 = Debug|Any CPU
		{22A7F77C-D5E1-42C0-9AFC-CF038E083DC3}.Release|Any CPU.ActiveCfg = Release|Any CPU
		{22A7F77C-D5E1-42C0-9AFC-CF038E083DC3}.Release|Any CPU.Build.0 = Release|Any CPU
		{30C5C61B-05B6-45D0-B6E6-58CDD708FDF1}.Debug|Any CPU.ActiveCfg = Debug|Any CPU
		{30C5C61B-05B6-45D0-B6E6-58CDD708FDF1}.Debug|Any CPU.Build.0 = Debug|Any CPU
		{30C5C61B-05B6-45D0-B6E6-58CDD708FDF1}.Release|Any CPU.ActiveCfg = Release|Any CPU
		{30C5C61B-05B6-45D0-B6E6-58CDD708FDF1}.Release|Any CPU.Build.0 = Release|Any CPU
		{4E34DCA6-EDF6-4A93-B826-1E5FF641A41C}.Debug|Any CPU.ActiveCfg = Debug|Any CPU
		{4E34DCA6-EDF6-4A93-B826-1E5FF641A41C}.Debug|Any CPU.Build.0 = Debug|Any CPU
		{4E34DCA6-EDF6-4A93-B826-1E5FF641A41C}.Release|Any CPU.ActiveCfg = Release|Any CPU
		{4E34DCA6-EDF6-4A93-B826-1E5FF641A41C}.Release|Any CPU.Build.0 = Release|Any CPU
		{DF7FA6E2-28CF-4E3C-8B7C-80C7B862BC77}.Debug|Any CPU.ActiveCfg = Debug|Any CPU
		{DF7FA6E2-28CF-4E3C-8B7C-80C7B862BC77}.Debug|Any CPU.Build.0 = Debug|Any CPU
		{DF7FA6E2-28CF-4E3C-8B7C-80C7B862BC77}.Release|Any CPU.ActiveCfg = Release|Any CPU
		{DF7FA6E2-28CF-4E3C-8B7C-80C7B862BC77}.Release|Any CPU.Build.0 = Release|Any CPU
		{B7C572CC-529A-414A-B86B-6DF14DE0F80A}.Debug|Any CPU.ActiveCfg = Debug|Any CPU
		{B7C572CC-529A-414A-B86B-6DF14DE0F80A}.Debug|Any CPU.Build.0 = Debug|Any CPU
		{B7C572CC-529A-414A-B86B-6DF14DE0F80A}.Release|Any CPU.ActiveCfg = Release|Any CPU
		{B7C572CC-529A-414A-B86B-6DF14DE0F80A}.Release|Any CPU.Build.0 = Release|Any CPU
		{65A8DF60-92B0-4B5C-B6D4-A78142BEEF9A}.Debug|Any CPU.ActiveCfg = Debug|Any CPU
		{65A8DF60-92B0-4B5C-B6D4-A78142BEEF9A}.Debug|Any CPU.Build.0 = Debug|Any CPU
		{65A8DF60-92B0-4B5C-B6D4-A78142BEEF9A}.Release|Any CPU.ActiveCfg = Release|Any CPU
		{65A8DF60-92B0-4B5C-B6D4-A78142BEEF9A}.Release|Any CPU.Build.0 = Release|Any CPU
		{FDA78541-EEE4-439F-8C16-4F078274B472}.Debug|Any CPU.ActiveCfg = Debug|Any CPU
		{FDA78541-EEE4-439F-8C16-4F078274B472}.Debug|Any CPU.Build.0 = Debug|Any CPU
		{FDA78541-EEE4-439F-8C16-4F078274B472}.Release|Any CPU.ActiveCfg = Release|Any CPU
		{FDA78541-EEE4-439F-8C16-4F078274B472}.Release|Any CPU.Build.0 = Release|Any CPU
		{849E6253-1ADB-49FE-BF76-8F3B617D6935}.Debug|Any CPU.ActiveCfg = Debug|Any CPU
		{849E6253-1ADB-49FE-BF76-8F3B617D6935}.Debug|Any CPU.Build.0 = Debug|Any CPU
		{849E6253-1ADB-49FE-BF76-8F3B617D6935}.Release|Any CPU.ActiveCfg = Release|Any CPU
		{849E6253-1ADB-49FE-BF76-8F3B617D6935}.Release|Any CPU.Build.0 = Release|Any CPU
		{B8597F54-A032-49C8-8752-65F86DEB3525}.Debug|Any CPU.ActiveCfg = Debug|Any CPU
		{B8597F54-A032-49C8-8752-65F86DEB3525}.Debug|Any CPU.Build.0 = Debug|Any CPU
		{B8597F54-A032-49C8-8752-65F86DEB3525}.Release|Any CPU.ActiveCfg = Release|Any CPU
		{B8597F54-A032-49C8-8752-65F86DEB3525}.Release|Any CPU.Build.0 = Release|Any CPU
		{A8E7A530-0639-4567-88D2-8F361BBC6ABA}.Debug|Any CPU.ActiveCfg = Debug|Any CPU
		{A8E7A530-0639-4567-88D2-8F361BBC6ABA}.Debug|Any CPU.Build.0 = Debug|Any CPU
		{A8E7A530-0639-4567-88D2-8F361BBC6ABA}.Release|Any CPU.ActiveCfg = Release|Any CPU
		{A8E7A530-0639-4567-88D2-8F361BBC6ABA}.Release|Any CPU.Build.0 = Release|Any CPU
		{872BA151-ED69-40EE-9D21-2422B7E1DB6B}.Debug|Any CPU.ActiveCfg = Debug|Any CPU
		{872BA151-ED69-40EE-9D21-2422B7E1DB6B}.Debug|Any CPU.Build.0 = Debug|Any CPU
		{872BA151-ED69-40EE-9D21-2422B7E1DB6B}.Release|Any CPU.ActiveCfg = Release|Any CPU
		{872BA151-ED69-40EE-9D21-2422B7E1DB6B}.Release|Any CPU.Build.0 = Release|Any CPU
		{F473BE2A-8CDA-42AC-B3C8-4BE8072FE456}.Debug|Any CPU.ActiveCfg = Debug|Any CPU
		{F473BE2A-8CDA-42AC-B3C8-4BE8072FE456}.Debug|Any CPU.Build.0 = Debug|Any CPU
		{F473BE2A-8CDA-42AC-B3C8-4BE8072FE456}.Release|Any CPU.ActiveCfg = Release|Any CPU
		{F473BE2A-8CDA-42AC-B3C8-4BE8072FE456}.Release|Any CPU.Build.0 = Release|Any CPU
		{6770822A-BE39-4AAA-964B-655035F49DDA}.Debug|Any CPU.ActiveCfg = Debug|Any CPU
		{6770822A-BE39-4AAA-964B-655035F49DDA}.Debug|Any CPU.Build.0 = Debug|Any CPU
		{6770822A-BE39-4AAA-964B-655035F49DDA}.Release|Any CPU.ActiveCfg = Release|Any CPU
		{6770822A-BE39-4AAA-964B-655035F49DDA}.Release|Any CPU.Build.0 = Release|Any CPU
		{F1F953B6-4050-4A60-9E8A-40A13EE9068E}.Debug|Any CPU.ActiveCfg = Debug|Any CPU
		{F1F953B6-4050-4A60-9E8A-40A13EE9068E}.Debug|Any CPU.Build.0 = Debug|Any CPU
		{F1F953B6-4050-4A60-9E8A-40A13EE9068E}.Release|Any CPU.ActiveCfg = Release|Any CPU
		{F1F953B6-4050-4A60-9E8A-40A13EE9068E}.Release|Any CPU.Build.0 = Release|Any CPU
		{CAB63FED-1A3C-43B3-B1C0-5BDE3A587C93}.Debug|Any CPU.ActiveCfg = Debug|Any CPU
		{CAB63FED-1A3C-43B3-B1C0-5BDE3A587C93}.Debug|Any CPU.Build.0 = Debug|Any CPU
		{CAB63FED-1A3C-43B3-B1C0-5BDE3A587C93}.Release|Any CPU.ActiveCfg = Release|Any CPU
		{CAB63FED-1A3C-43B3-B1C0-5BDE3A587C93}.Release|Any CPU.Build.0 = Release|Any CPU
		{8F644D27-E080-4F99-B16A-210242A9CDCA}.Debug|Any CPU.ActiveCfg = Debug|Any CPU
		{8F644D27-E080-4F99-B16A-210242A9CDCA}.Debug|Any CPU.Build.0 = Debug|Any CPU
		{8F644D27-E080-4F99-B16A-210242A9CDCA}.Release|Any CPU.ActiveCfg = Release|Any CPU
		{8F644D27-E080-4F99-B16A-210242A9CDCA}.Release|Any CPU.Build.0 = Release|Any CPU
		{2A3D1517-E6CC-4BA9-82B2-3961B492D710}.Debug|Any CPU.ActiveCfg = Debug|Any CPU
		{2A3D1517-E6CC-4BA9-82B2-3961B492D710}.Debug|Any CPU.Build.0 = Debug|Any CPU
		{2A3D1517-E6CC-4BA9-82B2-3961B492D710}.Release|Any CPU.ActiveCfg = Release|Any CPU
		{2A3D1517-E6CC-4BA9-82B2-3961B492D710}.Release|Any CPU.Build.0 = Release|Any CPU
		{E777A82A-0C41-4677-83A1-68B1FE9EE682}.Debug|Any CPU.ActiveCfg = Debug|Any CPU
		{E777A82A-0C41-4677-83A1-68B1FE9EE682}.Debug|Any CPU.Build.0 = Debug|Any CPU
		{E777A82A-0C41-4677-83A1-68B1FE9EE682}.Release|Any CPU.ActiveCfg = Release|Any CPU
		{E777A82A-0C41-4677-83A1-68B1FE9EE682}.Release|Any CPU.Build.0 = Release|Any CPU
		{A4FD8C8C-E284-45C1-A7FE-F97636F78BDA}.Debug|Any CPU.ActiveCfg = Debug|Any CPU
		{A4FD8C8C-E284-45C1-A7FE-F97636F78BDA}.Debug|Any CPU.Build.0 = Debug|Any CPU
		{A4FD8C8C-E284-45C1-A7FE-F97636F78BDA}.Release|Any CPU.ActiveCfg = Release|Any CPU
		{A4FD8C8C-E284-45C1-A7FE-F97636F78BDA}.Release|Any CPU.Build.0 = Release|Any CPU
		{B07E2562-FDF4-48A9-BA90-67C9FD30FEFD}.Debug|Any CPU.ActiveCfg = Debug|Any CPU
		{B07E2562-FDF4-48A9-BA90-67C9FD30FEFD}.Debug|Any CPU.Build.0 = Debug|Any CPU
		{B07E2562-FDF4-48A9-BA90-67C9FD30FEFD}.Release|Any CPU.ActiveCfg = Release|Any CPU
		{B07E2562-FDF4-48A9-BA90-67C9FD30FEFD}.Release|Any CPU.Build.0 = Release|Any CPU
		{0575B09B-5944-412F-A5F4-B3A260037350}.Debug|Any CPU.ActiveCfg = Debug|Any CPU
		{0575B09B-5944-412F-A5F4-B3A260037350}.Debug|Any CPU.Build.0 = Debug|Any CPU
		{0575B09B-5944-412F-A5F4-B3A260037350}.Release|Any CPU.ActiveCfg = Release|Any CPU
		{0575B09B-5944-412F-A5F4-B3A260037350}.Release|Any CPU.Build.0 = Release|Any CPU
		{F766BC0F-752C-4F77-A08E-6C03ABD58536}.Debug|Any CPU.ActiveCfg = Debug|Any CPU
		{F766BC0F-752C-4F77-A08E-6C03ABD58536}.Debug|Any CPU.Build.0 = Debug|Any CPU
		{F766BC0F-752C-4F77-A08E-6C03ABD58536}.Release|Any CPU.ActiveCfg = Release|Any CPU
		{F766BC0F-752C-4F77-A08E-6C03ABD58536}.Release|Any CPU.Build.0 = Release|Any CPU
		{38B6C83C-DDCB-4ED2-A703-831853592439}.Debug|Any CPU.ActiveCfg = Debug|Any CPU
		{38B6C83C-DDCB-4ED2-A703-831853592439}.Debug|Any CPU.Build.0 = Debug|Any CPU
		{38B6C83C-DDCB-4ED2-A703-831853592439}.Release|Any CPU.ActiveCfg = Release|Any CPU
		{38B6C83C-DDCB-4ED2-A703-831853592439}.Release|Any CPU.Build.0 = Release|Any CPU
		{0F8280CA-5544-4C10-96C5-DCCD52F11A95}.Debug|Any CPU.ActiveCfg = Debug|Any CPU
		{0F8280CA-5544-4C10-96C5-DCCD52F11A95}.Debug|Any CPU.Build.0 = Debug|Any CPU
		{0F8280CA-5544-4C10-96C5-DCCD52F11A95}.Release|Any CPU.ActiveCfg = Release|Any CPU
		{0F8280CA-5544-4C10-96C5-DCCD52F11A95}.Release|Any CPU.Build.0 = Release|Any CPU
		{146DAA08-D100-446F-A137-829BD7C8EA22}.Debug|Any CPU.ActiveCfg = Debug|Any CPU
		{146DAA08-D100-446F-A137-829BD7C8EA22}.Debug|Any CPU.Build.0 = Debug|Any CPU
		{146DAA08-D100-446F-A137-829BD7C8EA22}.Release|Any CPU.ActiveCfg = Release|Any CPU
		{146DAA08-D100-446F-A137-829BD7C8EA22}.Release|Any CPU.Build.0 = Release|Any CPU
		{182DCC36-1626-48B5-957C-8E590DC4E801}.Debug|Any CPU.ActiveCfg = Debug|Any CPU
		{182DCC36-1626-48B5-957C-8E590DC4E801}.Debug|Any CPU.Build.0 = Debug|Any CPU
		{182DCC36-1626-48B5-957C-8E590DC4E801}.Release|Any CPU.ActiveCfg = Release|Any CPU
		{182DCC36-1626-48B5-957C-8E590DC4E801}.Release|Any CPU.Build.0 = Release|Any CPU
		{0AD89F74-F94B-48B2-84F7-A5EA0F619A51}.Debug|Any CPU.ActiveCfg = Debug|Any CPU
		{0AD89F74-F94B-48B2-84F7-A5EA0F619A51}.Debug|Any CPU.Build.0 = Debug|Any CPU
		{0AD89F74-F94B-48B2-84F7-A5EA0F619A51}.Release|Any CPU.ActiveCfg = Release|Any CPU
		{0AD89F74-F94B-48B2-84F7-A5EA0F619A51}.Release|Any CPU.Build.0 = Release|Any CPU
		{CE43BA26-C6C9-43BD-B448-5CF931379019}.Debug|Any CPU.ActiveCfg = Debug|Any CPU
		{CE43BA26-C6C9-43BD-B448-5CF931379019}.Debug|Any CPU.Build.0 = Debug|Any CPU
		{CE43BA26-C6C9-43BD-B448-5CF931379019}.Release|Any CPU.ActiveCfg = Release|Any CPU
		{CE43BA26-C6C9-43BD-B448-5CF931379019}.Release|Any CPU.Build.0 = Release|Any CPU
		{AFBE1687-872B-4585-A105-73846361D1C2}.Debug|Any CPU.ActiveCfg = Debug|Any CPU
		{AFBE1687-872B-4585-A105-73846361D1C2}.Debug|Any CPU.Build.0 = Debug|Any CPU
		{AFBE1687-872B-4585-A105-73846361D1C2}.Release|Any CPU.ActiveCfg = Release|Any CPU
		{AFBE1687-872B-4585-A105-73846361D1C2}.Release|Any CPU.Build.0 = Release|Any CPU
		{082EFE98-1F6C-4B4D-B180-869ADB5F7402}.Debug|Any CPU.ActiveCfg = Debug|Any CPU
		{082EFE98-1F6C-4B4D-B180-869ADB5F7402}.Debug|Any CPU.Build.0 = Debug|Any CPU
		{082EFE98-1F6C-4B4D-B180-869ADB5F7402}.Release|Any CPU.ActiveCfg = Release|Any CPU
		{082EFE98-1F6C-4B4D-B180-869ADB5F7402}.Release|Any CPU.Build.0 = Release|Any CPU
		{755CD0AC-57CE-4FD6-8AFC-8376826B1B00}.Debug|Any CPU.ActiveCfg = Debug|Any CPU
		{755CD0AC-57CE-4FD6-8AFC-8376826B1B00}.Debug|Any CPU.Build.0 = Debug|Any CPU
		{755CD0AC-57CE-4FD6-8AFC-8376826B1B00}.Release|Any CPU.ActiveCfg = Release|Any CPU
		{755CD0AC-57CE-4FD6-8AFC-8376826B1B00}.Release|Any CPU.Build.0 = Release|Any CPU
		{F0769946-1A4A-4232-8958-6988FB6DF5FD}.Debug|Any CPU.ActiveCfg = Debug|Any CPU
		{F0769946-1A4A-4232-8958-6988FB6DF5FD}.Debug|Any CPU.Build.0 = Debug|Any CPU
		{F0769946-1A4A-4232-8958-6988FB6DF5FD}.Release|Any CPU.ActiveCfg = Release|Any CPU
		{F0769946-1A4A-4232-8958-6988FB6DF5FD}.Release|Any CPU.Build.0 = Release|Any CPU
		{47657085-C440-4BBE-B220-E84C1D3ED5A0}.Debug|Any CPU.ActiveCfg = Debug|Any CPU
		{47657085-C440-4BBE-B220-E84C1D3ED5A0}.Debug|Any CPU.Build.0 = Debug|Any CPU
		{47657085-C440-4BBE-B220-E84C1D3ED5A0}.Release|Any CPU.ActiveCfg = Release|Any CPU
		{47657085-C440-4BBE-B220-E84C1D3ED5A0}.Release|Any CPU.Build.0 = Release|Any CPU
		{D2FBFFD2-293D-42FC-AF2A-7158E5BB42D2}.Debug|Any CPU.ActiveCfg = Debug|Any CPU
		{D2FBFFD2-293D-42FC-AF2A-7158E5BB42D2}.Debug|Any CPU.Build.0 = Debug|Any CPU
		{D2FBFFD2-293D-42FC-AF2A-7158E5BB42D2}.Release|Any CPU.ActiveCfg = Release|Any CPU
		{D2FBFFD2-293D-42FC-AF2A-7158E5BB42D2}.Release|Any CPU.Build.0 = Release|Any CPU
		{3C1B77AF-4B10-41E2-B619-7B70A233A983}.Debug|Any CPU.ActiveCfg = Debug|Any CPU
		{3C1B77AF-4B10-41E2-B619-7B70A233A983}.Debug|Any CPU.Build.0 = Debug|Any CPU
		{3C1B77AF-4B10-41E2-B619-7B70A233A983}.Release|Any CPU.ActiveCfg = Release|Any CPU
		{3C1B77AF-4B10-41E2-B619-7B70A233A983}.Release|Any CPU.Build.0 = Release|Any CPU
		{B3205A96-038D-4ED1-A1DB-721E3C46D2E2}.Debug|Any CPU.ActiveCfg = Debug|Any CPU
		{B3205A96-038D-4ED1-A1DB-721E3C46D2E2}.Debug|Any CPU.Build.0 = Debug|Any CPU
		{B3205A96-038D-4ED1-A1DB-721E3C46D2E2}.Release|Any CPU.ActiveCfg = Release|Any CPU
		{B3205A96-038D-4ED1-A1DB-721E3C46D2E2}.Release|Any CPU.Build.0 = Release|Any CPU
		{81EE6890-4CD0-4540-B91D-0D2CCA589B60}.Debug|Any CPU.ActiveCfg = Debug|Any CPU
		{81EE6890-4CD0-4540-B91D-0D2CCA589B60}.Debug|Any CPU.Build.0 = Debug|Any CPU
		{81EE6890-4CD0-4540-B91D-0D2CCA589B60}.Release|Any CPU.ActiveCfg = Release|Any CPU
		{81EE6890-4CD0-4540-B91D-0D2CCA589B60}.Release|Any CPU.Build.0 = Release|Any CPU
		{41EDC703-92A7-44A8-B1F6-84B3685DD637}.Debug|Any CPU.ActiveCfg = Debug|Any CPU
		{41EDC703-92A7-44A8-B1F6-84B3685DD637}.Debug|Any CPU.Build.0 = Debug|Any CPU
		{41EDC703-92A7-44A8-B1F6-84B3685DD637}.Release|Any CPU.ActiveCfg = Release|Any CPU
		{41EDC703-92A7-44A8-B1F6-84B3685DD637}.Release|Any CPU.Build.0 = Release|Any CPU
		{683BCE8A-C79B-4C46-AFBC-7A584AD6B2BA}.Debug|Any CPU.ActiveCfg = Debug|Any CPU
		{683BCE8A-C79B-4C46-AFBC-7A584AD6B2BA}.Debug|Any CPU.Build.0 = Debug|Any CPU
		{683BCE8A-C79B-4C46-AFBC-7A584AD6B2BA}.Release|Any CPU.ActiveCfg = Release|Any CPU
		{683BCE8A-C79B-4C46-AFBC-7A584AD6B2BA}.Release|Any CPU.Build.0 = Release|Any CPU
		{FED85354-8D7D-40EF-A136-E91539633917}.Debug|Any CPU.ActiveCfg = Debug|Any CPU
		{FED85354-8D7D-40EF-A136-E91539633917}.Debug|Any CPU.Build.0 = Debug|Any CPU
		{FED85354-8D7D-40EF-A136-E91539633917}.Release|Any CPU.ActiveCfg = Release|Any CPU
		{FED85354-8D7D-40EF-A136-E91539633917}.Release|Any CPU.Build.0 = Release|Any CPU
		{FE81CF2A-EC25-4BBB-9C1C-4F255497EC2F}.Debug|Any CPU.ActiveCfg = Debug|Any CPU
		{FE81CF2A-EC25-4BBB-9C1C-4F255497EC2F}.Debug|Any CPU.Build.0 = Debug|Any CPU
		{FE81CF2A-EC25-4BBB-9C1C-4F255497EC2F}.Release|Any CPU.ActiveCfg = Release|Any CPU
		{FE81CF2A-EC25-4BBB-9C1C-4F255497EC2F}.Release|Any CPU.Build.0 = Release|Any CPU
		{A5F14CC1-5A42-4399-AE2C-DFD9BEA61142}.Debug|Any CPU.ActiveCfg = Debug|Any CPU
		{A5F14CC1-5A42-4399-AE2C-DFD9BEA61142}.Debug|Any CPU.Build.0 = Debug|Any CPU
		{A5F14CC1-5A42-4399-AE2C-DFD9BEA61142}.Release|Any CPU.ActiveCfg = Release|Any CPU
		{A5F14CC1-5A42-4399-AE2C-DFD9BEA61142}.Release|Any CPU.Build.0 = Release|Any CPU
		{496BA84B-C777-43C9-8DB7-D254D737B771}.Debug|Any CPU.ActiveCfg = Debug|Any CPU
		{496BA84B-C777-43C9-8DB7-D254D737B771}.Debug|Any CPU.Build.0 = Debug|Any CPU
		{496BA84B-C777-43C9-8DB7-D254D737B771}.Release|Any CPU.ActiveCfg = Release|Any CPU
		{496BA84B-C777-43C9-8DB7-D254D737B771}.Release|Any CPU.Build.0 = Release|Any CPU
		{BF125B3C-B930-4057-B20F-AC685D775A46}.Debug|Any CPU.ActiveCfg = Debug|Any CPU
		{BF125B3C-B930-4057-B20F-AC685D775A46}.Debug|Any CPU.Build.0 = Debug|Any CPU
		{BF125B3C-B930-4057-B20F-AC685D775A46}.Release|Any CPU.ActiveCfg = Release|Any CPU
		{BF125B3C-B930-4057-B20F-AC685D775A46}.Release|Any CPU.Build.0 = Release|Any CPU
		{8B5D623A-5B04-45C2-8F79-443ACF031540}.Debug|Any CPU.ActiveCfg = Debug|Any CPU
		{8B5D623A-5B04-45C2-8F79-443ACF031540}.Debug|Any CPU.Build.0 = Debug|Any CPU
		{8B5D623A-5B04-45C2-8F79-443ACF031540}.Release|Any CPU.ActiveCfg = Release|Any CPU
		{8B5D623A-5B04-45C2-8F79-443ACF031540}.Release|Any CPU.Build.0 = Release|Any CPU
		{E67EB4A4-B0A5-4FAF-A7DA-848B25EFE6DC}.Debug|Any CPU.ActiveCfg = Debug|Any CPU
		{E67EB4A4-B0A5-4FAF-A7DA-848B25EFE6DC}.Debug|Any CPU.Build.0 = Debug|Any CPU
		{E67EB4A4-B0A5-4FAF-A7DA-848B25EFE6DC}.Release|Any CPU.ActiveCfg = Release|Any CPU
		{E67EB4A4-B0A5-4FAF-A7DA-848B25EFE6DC}.Release|Any CPU.Build.0 = Release|Any CPU
		{5B696277-946B-4539-9B9F-DBD2C7873370}.Debug|Any CPU.ActiveCfg = Debug|Any CPU
		{5B696277-946B-4539-9B9F-DBD2C7873370}.Debug|Any CPU.Build.0 = Debug|Any CPU
		{5B696277-946B-4539-9B9F-DBD2C7873370}.Release|Any CPU.ActiveCfg = Release|Any CPU
		{5B696277-946B-4539-9B9F-DBD2C7873370}.Release|Any CPU.Build.0 = Release|Any CPU
		{925BB530-AEAE-483C-B9C0-FF85A77C3AF5}.Debug|Any CPU.ActiveCfg = Debug|Any CPU
		{925BB530-AEAE-483C-B9C0-FF85A77C3AF5}.Debug|Any CPU.Build.0 = Debug|Any CPU
		{925BB530-AEAE-483C-B9C0-FF85A77C3AF5}.Release|Any CPU.ActiveCfg = Release|Any CPU
		{925BB530-AEAE-483C-B9C0-FF85A77C3AF5}.Release|Any CPU.Build.0 = Release|Any CPU
		{1DB9898D-86EA-41D3-BA67-9ABECEA053A1}.Debug|Any CPU.ActiveCfg = Debug|Any CPU
		{1DB9898D-86EA-41D3-BA67-9ABECEA053A1}.Debug|Any CPU.Build.0 = Debug|Any CPU
		{1DB9898D-86EA-41D3-BA67-9ABECEA053A1}.Release|Any CPU.ActiveCfg = Release|Any CPU
		{1DB9898D-86EA-41D3-BA67-9ABECEA053A1}.Release|Any CPU.Build.0 = Release|Any CPU
		{8DB7DB70-656D-401B-81E6-3AA65CC55F48}.Debug|Any CPU.ActiveCfg = Debug|Any CPU
		{8DB7DB70-656D-401B-81E6-3AA65CC55F48}.Debug|Any CPU.Build.0 = Debug|Any CPU
		{8DB7DB70-656D-401B-81E6-3AA65CC55F48}.Release|Any CPU.ActiveCfg = Release|Any CPU
		{8DB7DB70-656D-401B-81E6-3AA65CC55F48}.Release|Any CPU.Build.0 = Release|Any CPU
		{EF67380E-9FE3-4B4F-883B-892A401F1224}.Debug|Any CPU.ActiveCfg = Debug|Any CPU
		{EF67380E-9FE3-4B4F-883B-892A401F1224}.Debug|Any CPU.Build.0 = Debug|Any CPU
		{EF67380E-9FE3-4B4F-883B-892A401F1224}.Release|Any CPU.ActiveCfg = Release|Any CPU
		{EF67380E-9FE3-4B4F-883B-892A401F1224}.Release|Any CPU.Build.0 = Release|Any CPU
		{C5C8D784-A613-4559-B6C3-BECD69BAE346}.Debug|Any CPU.ActiveCfg = Debug|Any CPU
		{C5C8D784-A613-4559-B6C3-BECD69BAE346}.Debug|Any CPU.Build.0 = Debug|Any CPU
		{C5C8D784-A613-4559-B6C3-BECD69BAE346}.Release|Any CPU.ActiveCfg = Release|Any CPU
		{C5C8D784-A613-4559-B6C3-BECD69BAE346}.Release|Any CPU.Build.0 = Release|Any CPU
		{EAE76B3D-9732-4581-AB6B-02E8AA8205EE}.Debug|Any CPU.ActiveCfg = Debug|Any CPU
		{EAE76B3D-9732-4581-AB6B-02E8AA8205EE}.Debug|Any CPU.Build.0 = Debug|Any CPU
		{EAE76B3D-9732-4581-AB6B-02E8AA8205EE}.Release|Any CPU.ActiveCfg = Release|Any CPU
		{EAE76B3D-9732-4581-AB6B-02E8AA8205EE}.Release|Any CPU.Build.0 = Release|Any CPU
		{BD1B21E1-BD59-4B02-897F-D4E8957B7371}.Debug|Any CPU.ActiveCfg = Debug|Any CPU
		{BD1B21E1-BD59-4B02-897F-D4E8957B7371}.Debug|Any CPU.Build.0 = Debug|Any CPU
		{BD1B21E1-BD59-4B02-897F-D4E8957B7371}.Release|Any CPU.ActiveCfg = Release|Any CPU
		{BD1B21E1-BD59-4B02-897F-D4E8957B7371}.Release|Any CPU.Build.0 = Release|Any CPU
		{74BBE310-15FD-4B4B-8AE6-62AC2ECF52F7}.Debug|Any CPU.ActiveCfg = Debug|Any CPU
		{74BBE310-15FD-4B4B-8AE6-62AC2ECF52F7}.Debug|Any CPU.Build.0 = Debug|Any CPU
		{74BBE310-15FD-4B4B-8AE6-62AC2ECF52F7}.Release|Any CPU.ActiveCfg = Release|Any CPU
		{74BBE310-15FD-4B4B-8AE6-62AC2ECF52F7}.Release|Any CPU.Build.0 = Release|Any CPU
		{3EE42DD3-0D05-4B08-AD6B-32531101DC55}.Debug|Any CPU.ActiveCfg = Debug|Any CPU
		{3EE42DD3-0D05-4B08-AD6B-32531101DC55}.Debug|Any CPU.Build.0 = Debug|Any CPU
		{3EE42DD3-0D05-4B08-AD6B-32531101DC55}.Release|Any CPU.ActiveCfg = Release|Any CPU
		{3EE42DD3-0D05-4B08-AD6B-32531101DC55}.Release|Any CPU.Build.0 = Release|Any CPU
		{D2431048-9B66-4179-BF99-DA0EC1783CA2}.Debug|Any CPU.ActiveCfg = Debug|Any CPU
		{D2431048-9B66-4179-BF99-DA0EC1783CA2}.Debug|Any CPU.Build.0 = Debug|Any CPU
		{D2431048-9B66-4179-BF99-DA0EC1783CA2}.Release|Any CPU.ActiveCfg = Release|Any CPU
		{D2431048-9B66-4179-BF99-DA0EC1783CA2}.Release|Any CPU.Build.0 = Release|Any CPU
		{408CC2AF-E8A9-4490-9AA4-8C3462B8A0B9}.Debug|Any CPU.ActiveCfg = Debug|Any CPU
		{408CC2AF-E8A9-4490-9AA4-8C3462B8A0B9}.Debug|Any CPU.Build.0 = Debug|Any CPU
		{408CC2AF-E8A9-4490-9AA4-8C3462B8A0B9}.Release|Any CPU.ActiveCfg = Release|Any CPU
		{408CC2AF-E8A9-4490-9AA4-8C3462B8A0B9}.Release|Any CPU.Build.0 = Release|Any CPU
		{9375A6C8-367B-449D-9420-22874FB26BDA}.Debug|Any CPU.ActiveCfg = Debug|Any CPU
		{9375A6C8-367B-449D-9420-22874FB26BDA}.Debug|Any CPU.Build.0 = Debug|Any CPU
		{9375A6C8-367B-449D-9420-22874FB26BDA}.Release|Any CPU.ActiveCfg = Release|Any CPU
		{9375A6C8-367B-449D-9420-22874FB26BDA}.Release|Any CPU.Build.0 = Release|Any CPU
		{C0391A54-B179-4B76-8E61-E196B8886554}.Debug|Any CPU.ActiveCfg = Debug|Any CPU
		{C0391A54-B179-4B76-8E61-E196B8886554}.Debug|Any CPU.Build.0 = Debug|Any CPU
		{C0391A54-B179-4B76-8E61-E196B8886554}.Release|Any CPU.ActiveCfg = Release|Any CPU
		{C0391A54-B179-4B76-8E61-E196B8886554}.Release|Any CPU.Build.0 = Release|Any CPU
		{4AB6C177-5742-4DA0-A66A-322B9D292C35}.Debug|Any CPU.ActiveCfg = Debug|Any CPU
		{4AB6C177-5742-4DA0-A66A-322B9D292C35}.Debug|Any CPU.Build.0 = Debug|Any CPU
		{4AB6C177-5742-4DA0-A66A-322B9D292C35}.Release|Any CPU.ActiveCfg = Release|Any CPU
		{4AB6C177-5742-4DA0-A66A-322B9D292C35}.Release|Any CPU.Build.0 = Release|Any CPU
		{DBF4E4E3-2A48-4114-B8C6-A7EF58466CD7}.Debug|Any CPU.ActiveCfg = Debug|Any CPU
		{DBF4E4E3-2A48-4114-B8C6-A7EF58466CD7}.Debug|Any CPU.Build.0 = Debug|Any CPU
		{DBF4E4E3-2A48-4114-B8C6-A7EF58466CD7}.Release|Any CPU.ActiveCfg = Release|Any CPU
		{DBF4E4E3-2A48-4114-B8C6-A7EF58466CD7}.Release|Any CPU.Build.0 = Release|Any CPU
		{33868AFA-585D-45C6-9FE3-FA7B22AF7312}.Debug|Any CPU.ActiveCfg = Debug|Any CPU
		{33868AFA-585D-45C6-9FE3-FA7B22AF7312}.Debug|Any CPU.Build.0 = Debug|Any CPU
		{33868AFA-585D-45C6-9FE3-FA7B22AF7312}.Release|Any CPU.ActiveCfg = Release|Any CPU
		{33868AFA-585D-45C6-9FE3-FA7B22AF7312}.Release|Any CPU.Build.0 = Release|Any CPU
	EndGlobalSection
	GlobalSection(SolutionProperties) = preSolution
		HideSolutionNode = FALSE
	EndGlobalSection
	GlobalSection(NestedProjects) = preSolution
		{B00DDD95-1F83-4B70-8634-BFD6E5648D30} = {878F84DF-E5AB-4AA1-89DC-3124ACC9EBC5}
		{22A7F77C-D5E1-42C0-9AFC-CF038E083DC3} = {8A8FDA8F-9C64-43E2-B46D-74DABDDE1C1A}
		{30C5C61B-05B6-45D0-B6E6-58CDD708FDF1} = {8A8FDA8F-9C64-43E2-B46D-74DABDDE1C1A}
		{4E34DCA6-EDF6-4A93-B826-1E5FF641A41C} = {8A8FDA8F-9C64-43E2-B46D-74DABDDE1C1A}
		{DF7FA6E2-28CF-4E3C-8B7C-80C7B862BC77} = {8A8FDA8F-9C64-43E2-B46D-74DABDDE1C1A}
		{B7C572CC-529A-414A-B86B-6DF14DE0F80A} = {8A8FDA8F-9C64-43E2-B46D-74DABDDE1C1A}
		{65A8DF60-92B0-4B5C-B6D4-A78142BEEF9A} = {8A8FDA8F-9C64-43E2-B46D-74DABDDE1C1A}
		{FDA78541-EEE4-439F-8C16-4F078274B472} = {8D3703E2-F887-48E5-8E1C-588BF68D6FA1}
		{849E6253-1ADB-49FE-BF76-8F3B617D6935} = {D0EAB7E5-B8AA-4465-AD04-6840E483FB5B}
		{B8597F54-A032-49C8-8752-65F86DEB3525} = {D0EAB7E5-B8AA-4465-AD04-6840E483FB5B}
		{A8E7A530-0639-4567-88D2-8F361BBC6ABA} = {D0EAB7E5-B8AA-4465-AD04-6840E483FB5B}
		{872BA151-ED69-40EE-9D21-2422B7E1DB6B} = {D0EAB7E5-B8AA-4465-AD04-6840E483FB5B}
		{F473BE2A-8CDA-42AC-B3C8-4BE8072FE456} = {C16020D7-E7C8-4846-A94B-778524AD7EBA}
		{6770822A-BE39-4AAA-964B-655035F49DDA} = {C16020D7-E7C8-4846-A94B-778524AD7EBA}
		{F1F953B6-4050-4A60-9E8A-40A13EE9068E} = {C16020D7-E7C8-4846-A94B-778524AD7EBA}
		{CAB63FED-1A3C-43B3-B1C0-5BDE3A587C93} = {C16020D7-E7C8-4846-A94B-778524AD7EBA}
		{8F644D27-E080-4F99-B16A-210242A9CDCA} = {C16020D7-E7C8-4846-A94B-778524AD7EBA}
		{2A3D1517-E6CC-4BA9-82B2-3961B492D710} = {C16020D7-E7C8-4846-A94B-778524AD7EBA}
		{E777A82A-0C41-4677-83A1-68B1FE9EE682} = {C16020D7-E7C8-4846-A94B-778524AD7EBA}
		{A4FD8C8C-E284-45C1-A7FE-F97636F78BDA} = {7A50F465-C48C-4E2F-AAA3-21E3C971116C}
		{B07E2562-FDF4-48A9-BA90-67C9FD30FEFD} = {7A50F465-C48C-4E2F-AAA3-21E3C971116C}
		{0575B09B-5944-412F-A5F4-B3A260037350} = {7A50F465-C48C-4E2F-AAA3-21E3C971116C}
		{F766BC0F-752C-4F77-A08E-6C03ABD58536} = {7A50F465-C48C-4E2F-AAA3-21E3C971116C}
		{38B6C83C-DDCB-4ED2-A703-831853592439} = {7A50F465-C48C-4E2F-AAA3-21E3C971116C}
		{0F8280CA-5544-4C10-96C5-DCCD52F11A95} = {7A50F465-C48C-4E2F-AAA3-21E3C971116C}
		{146DAA08-D100-446F-A137-829BD7C8EA22} = {7A50F465-C48C-4E2F-AAA3-21E3C971116C}
		{182DCC36-1626-48B5-957C-8E590DC4E801} = {7A50F465-C48C-4E2F-AAA3-21E3C971116C}
		{0AD89F74-F94B-48B2-84F7-A5EA0F619A51} = {7A50F465-C48C-4E2F-AAA3-21E3C971116C}
		{CE43BA26-C6C9-43BD-B448-5CF931379019} = {7A50F465-C48C-4E2F-AAA3-21E3C971116C}
		{AFBE1687-872B-4585-A105-73846361D1C2} = {7A50F465-C48C-4E2F-AAA3-21E3C971116C}
		{082EFE98-1F6C-4B4D-B180-869ADB5F7402} = {7A50F465-C48C-4E2F-AAA3-21E3C971116C}
		{755CD0AC-57CE-4FD6-8AFC-8376826B1B00} = {1E2CA6F9-ECE9-40F8-98EF-88D89AEF1CF4}
		{F0769946-1A4A-4232-8958-6988FB6DF5FD} = {93390F3D-9D9D-44A9-B387-D64DE899824C}
		{47657085-C440-4BBE-B220-E84C1D3ED5A0} = {93390F3D-9D9D-44A9-B387-D64DE899824C}
		{D2FBFFD2-293D-42FC-AF2A-7158E5BB42D2} = {65B50E85-9343-4582-871C-CFDBD83FD54A}
		{3C1B77AF-4B10-41E2-B619-7B70A233A983} = {65B50E85-9343-4582-871C-CFDBD83FD54A}
		{B3205A96-038D-4ED1-A1DB-721E3C46D2E2} = {65B50E85-9343-4582-871C-CFDBD83FD54A}
		{81EE6890-4CD0-4540-B91D-0D2CCA589B60} = {65B50E85-9343-4582-871C-CFDBD83FD54A}
		{41EDC703-92A7-44A8-B1F6-84B3685DD637} = {65B50E85-9343-4582-871C-CFDBD83FD54A}
		{683BCE8A-C79B-4C46-AFBC-7A584AD6B2BA} = {3AE27083-CF4F-43AF-9253-0BB0F8262DF1}
		{FED85354-8D7D-40EF-A136-E91539633917} = {3AE27083-CF4F-43AF-9253-0BB0F8262DF1}
		{FE81CF2A-EC25-4BBB-9C1C-4F255497EC2F} = {3AE27083-CF4F-43AF-9253-0BB0F8262DF1}
		{A5F14CC1-5A42-4399-AE2C-DFD9BEA61142} = {3AE27083-CF4F-43AF-9253-0BB0F8262DF1}
		{496BA84B-C777-43C9-8DB7-D254D737B771} = {3AE27083-CF4F-43AF-9253-0BB0F8262DF1}
		{BF125B3C-B930-4057-B20F-AC685D775A46} = {FBBF33FE-01E1-4761-AB22-E8C69AF95607}
		{8B5D623A-5B04-45C2-8F79-443ACF031540} = {FBBF33FE-01E1-4761-AB22-E8C69AF95607}
		{E67EB4A4-B0A5-4FAF-A7DA-848B25EFE6DC} = {FBBF33FE-01E1-4761-AB22-E8C69AF95607}
		{5B696277-946B-4539-9B9F-DBD2C7873370} = {71FE200B-752A-411C-B378-ECF86E5DC8C9}
		{925BB530-AEAE-483C-B9C0-FF85A77C3AF5} = {71FE200B-752A-411C-B378-ECF86E5DC8C9}
		{1DB9898D-86EA-41D3-BA67-9ABECEA053A1} = {71FE200B-752A-411C-B378-ECF86E5DC8C9}
		{8DB7DB70-656D-401B-81E6-3AA65CC55F48} = {71FE200B-752A-411C-B378-ECF86E5DC8C9}
		{EF67380E-9FE3-4B4F-883B-892A401F1224} = {71FE200B-752A-411C-B378-ECF86E5DC8C9}
		{C5C8D784-A613-4559-B6C3-BECD69BAE346} = {71FE200B-752A-411C-B378-ECF86E5DC8C9}
		{EAE76B3D-9732-4581-AB6B-02E8AA8205EE} = {71FE200B-752A-411C-B378-ECF86E5DC8C9}
		{BD1B21E1-BD59-4B02-897F-D4E8957B7371} = {D10A89D5-4063-48D0-A625-4EFBA83FBA38}
		{74BBE310-15FD-4B4B-8AE6-62AC2ECF52F7} = {D10A89D5-4063-48D0-A625-4EFBA83FBA38}
		{3EE42DD3-0D05-4B08-AD6B-32531101DC55} = {D10A89D5-4063-48D0-A625-4EFBA83FBA38}
		{D2431048-9B66-4179-BF99-DA0EC1783CA2} = {E80F2243-68AE-489E-B44F-9DB93E6AE543}
		{408CC2AF-E8A9-4490-9AA4-8C3462B8A0B9} = {F593CCDB-33D7-44C0-95CB-3E2BC92022F6}
		{9375A6C8-367B-449D-9420-22874FB26BDA} = {F593CCDB-33D7-44C0-95CB-3E2BC92022F6}
		{C0391A54-B179-4B76-8E61-E196B8886554} = {F593CCDB-33D7-44C0-95CB-3E2BC92022F6}
		{4AB6C177-5742-4DA0-A66A-322B9D292C35} = {F593CCDB-33D7-44C0-95CB-3E2BC92022F6}
		{DBF4E4E3-2A48-4114-B8C6-A7EF58466CD7} = {F593CCDB-33D7-44C0-95CB-3E2BC92022F6}
	EndGlobalSection
	GlobalSection(ExtensibilityGlobals) = postSolution
		SolutionGuid = {35AF7F9A-57D9-45E4-BE5A-8835D211C7CC}
	EndGlobalSection
EndGlobal
