
Microsoft Visual Studio Solution File, Format Version 12.00
# Visual Studio Version 16
VisualStudioVersion = 16.0.30309.148
MinimumVisualStudioVersion = 10.0.40219.1
Project("{FAE04EC0-301F-11D3-BF4B-00C04F79EFBC}") = "BasicChartApp", "BasicChartApp\BasicChartApp.csproj", "{907C3A88-7A72-48F0-93D7-6A508F133C0A}"
EndProject
Project("{FAE04EC0-301F-11D3-BF4B-00C04F79EFBC}") = "WinFormChartApp", "WinFormChartApp\WinFormChartApp.csproj", "{D0B4A5E7-A0D3-49D0-90E0-61741D2D31FD}"
EndProject
Project("{FAE04EC0-301F-11D3-BF4B-00C04F79EFBC}") = "WPFChartApp", "WPFChartApp\WPFChartApp.csproj", "{6444DF93-7A6F-44A4-AAD1-F25E4CCF80F8}"
EndProject
Project("{FAE04EC0-301F-11D3-BF4B-00C04F79EFBC}") = "MvvmChartApp", "MvvmChartApp\MvvmChartApp.csproj", "{0FEA9CDA-0FA1-4317-B549-A913A1B14E1F}"
EndProject
Project("{FAE04EC0-301F-11D3-BF4B-00C04F79EFBC}") = "WpfBasicApp", "WpfBasicApp\WpfBasicApp.csproj", "{7A731647-A7DE-4ED3-B74E-0162EB63FA8D}"
EndProject
Global
	GlobalSection(SolutionConfigurationPlatforms) = preSolution
		Debug|Any CPU = Debug|Any CPU
		Release|Any CPU = Release|Any CPU
	EndGlobalSection
	GlobalSection(ProjectConfigurationPlatforms) = postSolution
		{907C3A88-7A72-48F0-93D7-6A508F133C0A}.Debug|Any CPU.ActiveCfg = Debug|Any CPU
		{907C3A88-7A72-48F0-93D7-6A508F133C0A}.Debug|Any CPU.Build.0 = Debug|Any CPU
		{907C3A88-7A72-48F0-93D7-6A508F133C0A}.Release|Any CPU.ActiveCfg = Release|Any CPU
		{907C3A88-7A72-48F0-93D7-6A508F133C0A}.Release|Any CPU.Build.0 = Release|Any CPU
		{D0B4A5E7-A0D3-49D0-90E0-61741D2D31FD}.Debug|Any CPU.ActiveCfg = Debug|Any CPU
		{D0B4A5E7-A0D3-49D0-90E0-61741D2D31FD}.Debug|Any CPU.Build.0 = Debug|Any CPU
		{D0B4A5E7-A0D3-49D0-90E0-61741D2D31FD}.Release|Any CPU.ActiveCfg = Release|Any CPU
		{D0B4A5E7-A0D3-49D0-90E0-61741D2D31FD}.Release|Any CPU.Build.0 = Release|Any CPU
		{6444DF93-7A6F-44A4-AAD1-F25E4CCF80F8}.Debug|Any CPU.ActiveCfg = Debug|Any CPU
		{6444DF93-7A6F-44A4-AAD1-F25E4CCF80F8}.Debug|Any CPU.Build.0 = Debug|Any CPU
		{6444DF93-7A6F-44A4-AAD1-F25E4CCF80F8}.Release|Any CPU.ActiveCfg = Release|Any CPU
		{6444DF93-7A6F-44A4-AAD1-F25E4CCF80F8}.Release|Any CPU.Build.0 = Release|Any CPU
		{0FEA9CDA-0FA1-4317-B549-A913A1B14E1F}.Debug|Any CPU.ActiveCfg = Debug|Any CPU
		{0FEA9CDA-0FA1-4317-B549-A913A1B14E1F}.Debug|Any CPU.Build.0 = Debug|Any CPU
		{0FEA9CDA-0FA1-4317-B549-A913A1B14E1F}.Release|Any CPU.ActiveCfg = Release|Any CPU
		{0FEA9CDA-0FA1-4317-B549-A913A1B14E1F}.Release|Any CPU.Build.0 = Release|Any CPU
		{7A731647-A7DE-4ED3-B74E-0162EB63FA8D}.Debug|Any CPU.ActiveCfg = Debug|Any CPU
		{7A731647-A7DE-4ED3-B74E-0162EB63FA8D}.Debug|Any CPU.Build.0 = Debug|Any CPU
		{7A731647-A7DE-4ED3-B74E-0162EB63FA8D}.Release|Any CPU.ActiveCfg = Release|Any CPU
		{7A731647-A7DE-4ED3-B74E-0162EB63FA8D}.Release|Any CPU.Build.0 = Release|Any CPU
	EndGlobalSection
	GlobalSection(SolutionProperties) = preSolution
		HideSolutionNode = FALSE
	EndGlobalSection
	GlobalSection(ExtensibilityGlobals) = postSolution
		SolutionGuid = {B62A37C0-FDEF-4291-BC15-61B996144A9F}
	EndGlobalSection
EndGlobal
